# This file is generated by running "yarn install" inside your project.
# Manual changes might be lost - proceed with caution!

__metadata:
  version: 8
  cacheKey: 10

"@biomejs/biome@npm:2.4.5":
  version: 2.4.5
  resolution: "@biomejs/biome@npm:2.4.5"
  dependencies:
    "@biomejs/cli-darwin-arm64": "npm:2.4.5"
    "@biomejs/cli-darwin-x64": "npm:2.4.5"
    "@biomejs/cli-linux-arm64": "npm:2.4.5"
    "@biomejs/cli-linux-arm64-musl": "npm:2.4.5"
    "@biomejs/cli-linux-x64": "npm:2.4.5"
    "@biomejs/cli-linux-x64-musl": "npm:2.4.5"
    "@biomejs/cli-win32-arm64": "npm:2.4.5"
    "@biomejs/cli-win32-x64": "npm:2.4.5"
  dependenciesMeta:
    "@biomejs/cli-darwin-arm64":
      optional: true
    "@biomejs/cli-darwin-x64":
      optional: true
    "@biomejs/cli-linux-arm64":
      optional: true
    "@biomejs/cli-linux-arm64-musl":
      optional: true
    "@biomejs/cli-linux-x64":
      optional: true
    "@biomejs/cli-linux-x64-musl":
      optional: true
    "@biomejs/cli-win32-arm64":
      optional: true
    "@biomejs/cli-win32-x64":
      optional: true
  bin:
    biome: bin/biome
  checksum: 10/e347734ee73c921f1f2866c4c2dca220feb3dcf514533a08c1ea96160a9909dd82a49921b229b36eb331309045605e2076fa1b30b9aa4301e62c8ff29d491c1d
  languageName: node
  linkType: hard

"@biomejs/cli-darwin-arm64@npm:2.4.5":
  version: 2.4.5
  resolution: "@biomejs/cli-darwin-arm64@npm:2.4.5"
  conditions: os=darwin & cpu=arm64
  languageName: node
  linkType: hard

"@biomejs/cli-darwin-x64@npm:2.4.5":
  version: 2.4.5
  resolution: "@biomejs/cli-darwin-x64@npm:2.4.5"
  conditions: os=darwin & cpu=x64
  languageName: node
  linkType: hard

"@biomejs/cli-linux-arm64-musl@npm:2.4.5":
  version: 2.4.5
  resolution: "@biomejs/cli-linux-arm64-musl@npm:2.4.5"
  conditions: os=linux & cpu=arm64 & libc=musl
  languageName: node
  linkType: hard

"@biomejs/cli-linux-arm64@npm:2.4.5":
  version: 2.4.5
  resolution: "@biomejs/cli-linux-arm64@npm:2.4.5"
  conditions: os=linux & cpu=arm64 & libc=glibc
  languageName: node
  linkType: hard

"@biomejs/cli-linux-x64-musl@npm:2.4.5":
  version: 2.4.5
  resolution: "@biomejs/cli-linux-x64-musl@npm:2.4.5"
  conditions: os=linux & cpu=x64 & libc=musl
  languageName: node
  linkType: hard

"@biomejs/cli-linux-x64@npm:2.4.5":
  version: 2.4.5
  resolution: "@biomejs/cli-linux-x64@npm:2.4.5"
  conditions: os=linux & cpu=x64 & libc=glibc
  languageName: node
  linkType: hard

"@biomejs/cli-win32-arm64@npm:2.4.5":
  version: 2.4.5
  resolution: "@biomejs/cli-win32-arm64@npm:2.4.5"
  conditions: os=win32 & cpu=arm64
  languageName: node
  linkType: hard

"@biomejs/cli-win32-x64@npm:2.4.5":
  version: 2.4.5
  resolution: "@biomejs/cli-win32-x64@npm:2.4.5"
  conditions: os=win32 & cpu=x64
  languageName: node
  linkType: hard

"tractus-monorepo@workspace:.":
  version: 0.0.0-use.local
  resolution: "tractus-monorepo@workspace:."
  dependencies:
    "@biomejs/biome": "npm:2.4.5"
  languageName: unknown
  linkType: soft
