# This file is generated by running "yarn install" inside your project.
# Manual changes might be lost - proceed with caution!

__metadata:
  version: 8
  cacheKey: 10

"@babel/code-frame@npm:^7.0.0":
  version: 7.29.0
  resolution: "@babel/code-frame@npm:7.29.0"
  dependencies:
    "@babel/helper-validator-identifier": "npm:^7.28.5"
    js-tokens: "npm:^4.0.0"
    picocolors: "npm:^1.1.1"
  checksum: 10/199e15ff89007dd30675655eec52481cb245c9fdf4f81e4dc1f866603b0217b57aff25f5ffa0a95bbc8e31eb861695330cd7869ad52cc211aa63016320ef72c5
  languageName: node
  linkType: hard

"@babel/helper-validator-identifier@npm:^7.28.5":
  version: 7.28.5
  resolution: "@babel/helper-validator-identifier@npm:7.28.5"
  checksum: 10/8e5d9b0133702cfacc7f368bf792f0f8ac0483794877c6dca5fcb73810ee138e27527701826fb58a40a004f3a5ec0a2f3c3dd5e326d262530b119918f3132ba7
  languageName: node
  linkType: hard

"@biomejs/biome@npm:2.4.5":
  version: 2.4.5
  resolution: "@biomejs/biome@npm:2.4.5"
  dependencies:
    "@biomejs/cli-darwin-arm64": "npm:2.4.5"
    "@biomejs/cli-darwin-x64": "npm:2.4.5"
    "@biomejs/cli-linux-arm64": "npm:2.4.5"
    "@biomejs/cli-linux-arm64-musl": "npm:2.4.5"
    "@biomejs/cli-linux-x64": "npm:2.4.5"
    "@biomejs/cli-linux-x64-musl": "npm:2.4.5"
    "@biomejs/cli-win32-arm64": "npm:2.4.5"
    "@biomejs/cli-win32-x64": "npm:2.4.5"
  dependenciesMeta:
    "@biomejs/cli-darwin-arm64":
      optional: true
    "@biomejs/cli-darwin-x64":
      optional: true
    "@biomejs/cli-linux-arm64":
      optional: true
    "@biomejs/cli-linux-arm64-musl":
      optional: true
    "@biomejs/cli-linux-x64":
      optional: true
    "@biomejs/cli-linux-x64-musl":
      optional: true
    "@biomejs/cli-win32-arm64":
      optional: true
    "@biomejs/cli-win32-x64":
      optional: true
  bin:
    biome: bin/biome
  checksum: 10/e347734ee73c921f1f2866c4c2dca220feb3dcf514533a08c1ea96160a9909dd82a49921b229b36eb331309045605e2076fa1b30b9aa4301e62c8ff29d491c1d
  languageName: node
  linkType: hard

"@biomejs/cli-darwin-arm64@npm:2.4.5":
  version: 2.4.5
  resolution: "@biomejs/cli-darwin-arm64@npm:2.4.5"
  conditions: os=darwin & cpu=arm64
  languageName: node
  linkType: hard

"@biomejs/cli-darwin-x64@npm:2.4.5":
  version: 2.4.5
  resolution: "@biomejs/cli-darwin-x64@npm:2.4.5"
  conditions: os=darwin & cpu=x64
  languageName: node
  linkType: hard

"@biomejs/cli-linux-arm64-musl@npm:2.4.5":
  version: 2.4.5
  resolution: "@biomejs/cli-linux-arm64-musl@npm:2.4.5"
  conditions: os=linux & cpu=arm64 & libc=musl
  languageName: node
  linkType: hard

"@biomejs/cli-linux-arm64@npm:2.4.5":
  version: 2.4.5
  resolution: "@biomejs/cli-linux-arm64@npm:2.4.5"
  conditions: os=linux & cpu=arm64 & libc=glibc
  languageName: node
  linkType: hard

"@biomejs/cli-linux-x64-musl@npm:2.4.5":
  version: 2.4.5
  resolution: "@biomejs/cli-linux-x64-musl@npm:2.4.5"
  conditions: os=linux & cpu=x64 & libc=musl
  languageName: node
  linkType: hard

"@biomejs/cli-linux-x64@npm:2.4.5":
  version: 2.4.5
  resolution: "@biomejs/cli-linux-x64@npm:2.4.5"
  conditions: os=linux & cpu=x64 & libc=glibc
  languageName: node
  linkType: hard

"@biomejs/cli-win32-arm64@npm:2.4.5":
  version: 2.4.5
  resolution: "@biomejs/cli-win32-arm64@npm:2.4.5"
  conditions: os=win32 & cpu=arm64
  languageName: node
  linkType: hard

"@biomejs/cli-win32-x64@npm:2.4.5":
  version: 2.4.5
  resolution: "@biomejs/cli-win32-x64@npm:2.4.5"
  conditions: os=win32 & cpu=x64
  languageName: node
  linkType: hard

"@commitlint/cli@npm:^20.4.2":
  version: 20.4.2
  resolution: "@commitlint/cli@npm:20.4.2"
  dependencies:
    "@commitlint/format": "npm:^20.4.0"
    "@commitlint/lint": "npm:^20.4.2"
    "@commitlint/load": "npm:^20.4.0"
    "@commitlint/read": "npm:^20.4.0"
    "@commitlint/types": "npm:^20.4.0"
    tinyexec: "npm:^1.0.0"
    yargs: "npm:^17.0.0"
  bin:
    commitlint: ./cli.js
  checksum: 10/8e6f4885bd6a5f3523670264496aa8a11155cf6e69e926a4f747e84fd98ea7eef25d6d0e40de87ce60929e4c4ca0ab74b4126491882d2afe8f804e436f8b09ef
  languageName: node
  linkType: hard

"@commitlint/config-conventional@npm:^20.4.2":
  version: 20.4.2
  resolution: "@commitlint/config-conventional@npm:20.4.2"
  dependencies:
    "@commitlint/types": "npm:^20.4.0"
    conventional-changelog-conventionalcommits: "npm:^9.1.0"
  checksum: 10/60d2f25db3bf1e1ecb6d13a7420e707bb121d19de27fc6579ea251786cbfacccb8a67a6a3c5eb65a5ff107c8c32e5670a16cdfe3608d519b005d4be87fbfabc5
  languageName: node
  linkType: hard

"@commitlint/config-validator@npm:^20.4.0":
  version: 20.4.0
  resolution: "@commitlint/config-validator@npm:20.4.0"
  dependencies:
    "@commitlint/types": "npm:^20.4.0"
    ajv: "npm:^8.11.0"
  checksum: 10/571a359e8d3649da8c8f9dbeafd18fee4e515a5f0b98ecb56322a02be6aff708f579c7cfb300575cd2d0f81cca4058e69870ddf09707be0c3bbb132657069194
  languageName: node
  linkType: hard

"@commitlint/ensure@npm:^20.4.1":
  version: 20.4.1
  resolution: "@commitlint/ensure@npm:20.4.1"
  dependencies:
    "@commitlint/types": "npm:^20.4.0"
    lodash.camelcase: "npm:^4.3.0"
    lodash.kebabcase: "npm:^4.1.1"
    lodash.snakecase: "npm:^4.1.1"
    lodash.startcase: "npm:^4.4.0"
    lodash.upperfirst: "npm:^4.3.1"
  checksum: 10/6790e1588981d970ad2850992dea85a1b77ca9631771b75d755dccd76b97bcdefa2c3c740780332dfba39c9302e9f55ddfa7517c3af3108a0a29f07aaea94504
  languageName: node
  linkType: hard

"@commitlint/execute-rule@npm:^20.0.0":
  version: 20.0.0
  resolution: "@commitlint/execute-rule@npm:20.0.0"
  checksum: 10/6e05580d9dafd362281747795de22e582ce7af36daeee638dd3f84b792d6b921dad20cb258603fb6ebb08f0b490906b2cfd72255b0d7e6ab2cfb96441a553159
  languageName: node
  linkType: hard

"@commitlint/format@npm:^20.4.0":
  version: 20.4.0
  resolution: "@commitlint/format@npm:20.4.0"
  dependencies:
    "@commitlint/types": "npm:^20.4.0"
    picocolors: "npm:^1.1.1"
  checksum: 10/b400b1b709fbb99a3e694a72353eb36d25dfb3388a686e749762f0ed296dce2bec9999067eb9d7f6b3390e26426df8b242d0433ee446a729e97b12d780613308
  languageName: node
  linkType: hard

"@commitlint/is-ignored@npm:^20.4.1":
  version: 20.4.1
  resolution: "@commitlint/is-ignored@npm:20.4.1"
  dependencies:
    "@commitlint/types": "npm:^20.4.0"
    semver: "npm:^7.6.0"
  checksum: 10/f6c9dbbed7ab256fc18a669d3a7ebf2c79c2ca450a46c66a32b3ca508bd431a05e0ebf97b43999625719ba966fc8e519962ad2422d13bc42439dec872465ae3a
  languageName: node
  linkType: hard

"@commitlint/lint@npm:^20.4.2":
  version: 20.4.2
  resolution: "@commitlint/lint@npm:20.4.2"
  dependencies:
    "@commitlint/is-ignored": "npm:^20.4.1"
    "@commitlint/parse": "npm:^20.4.1"
    "@commitlint/rules": "npm:^20.4.2"
    "@commitlint/types": "npm:^20.4.0"
  checksum: 10/862d7ed2c731fb4087de37495ecf715b2fd2779f137372ab2c6173621defe98731b4de5e2696b7cf2f65b34fce02ea086070c2747074dd8ae298ced850087899
  languageName: node
  linkType: hard

"@commitlint/load@npm:^20.4.0":
  version: 20.4.0
  resolution: "@commitlint/load@npm:20.4.0"
  dependencies:
    "@commitlint/config-validator": "npm:^20.4.0"
    "@commitlint/execute-rule": "npm:^20.0.0"
    "@commitlint/resolve-extends": "npm:^20.4.0"
    "@commitlint/types": "npm:^20.4.0"
    cosmiconfig: "npm:^9.0.0"
    cosmiconfig-typescript-loader: "npm:^6.1.0"
    is-plain-obj: "npm:^4.1.0"
    lodash.mergewith: "npm:^4.6.2"
    picocolors: "npm:^1.1.1"
  checksum: 10/97f9bc68420a86d7cfaff880219fc26fca5d22c1714df2b851f85abac2aa3ba3a6edbd40feca7984b47c58bc584522064c59cee3c9e362c3a8447088b8aa6cbd
  languageName: node
  linkType: hard

"@commitlint/message@npm:^20.4.0":
  version: 20.4.0
  resolution: "@commitlint/message@npm:20.4.0"
  checksum: 10/d0e779cf5ea60fd19a7ca83c2ebc6a270e45f92d8489645e26d254825dda110f1433a07f31cfd97a21db611fec9da51cd69900b3a9e4f791951db331fa8f9cae
  languageName: node
  linkType: hard

"@commitlint/parse@npm:^20.4.1":
  version: 20.4.1
  resolution: "@commitlint/parse@npm:20.4.1"
  dependencies:
    "@commitlint/types": "npm:^20.4.0"
    conventional-changelog-angular: "npm:^8.1.0"
    conventional-commits-parser: "npm:^6.2.1"
  checksum: 10/c38c3964377c99e0b95f428f2161ac2d188a1e28e636bb0b2705a49996d8fbc34bb329eb4b265a77c71dbd520244d5ddce5ed519b9451b8530f22657f803a7a1
  languageName: node
  linkType: hard

"@commitlint/read@npm:^20.4.0":
  version: 20.4.0
  resolution: "@commitlint/read@npm:20.4.0"
  dependencies:
    "@commitlint/top-level": "npm:^20.4.0"
    "@commitlint/types": "npm:^20.4.0"
    git-raw-commits: "npm:^4.0.0"
    minimist: "npm:^1.2.8"
    tinyexec: "npm:^1.0.0"
  checksum: 10/952c09c71e7b4223217710f0ff658f0c614f56e74a9e153b2d9bc681d11b0593d93a52e125d2f4cdd7bb31423a6b969d13cea95690198e63ffb6039a09195161
  languageName: node
  linkType: hard

"@commitlint/resolve-extends@npm:^20.4.0":
  version: 20.4.0
  resolution: "@commitlint/resolve-extends@npm:20.4.0"
  dependencies:
    "@commitlint/config-validator": "npm:^20.4.0"
    "@commitlint/types": "npm:^20.4.0"
    global-directory: "npm:^4.0.1"
    import-meta-resolve: "npm:^4.0.0"
    lodash.mergewith: "npm:^4.6.2"
    resolve-from: "npm:^5.0.0"
  checksum: 10/7b597cc3e9d4cb6597cd16b7ac067b4afe59f2c97bd398259ee708c10f185fe2b49cbd36af21bc28d1fdc16d0857d5938760cf18b71f0723e0f94c93bce30553
  languageName: node
  linkType: hard

"@commitlint/rules@npm:^20.4.2":
  version: 20.4.2
  resolution: "@commitlint/rules@npm:20.4.2"
  dependencies:
    "@commitlint/ensure": "npm:^20.4.1"
    "@commitlint/message": "npm:^20.4.0"
    "@commitlint/to-lines": "npm:^20.0.0"
    "@commitlint/types": "npm:^20.4.0"
  checksum: 10/e6eba9aa486a0a40bad3802b60eb332ff22bc4807b51242dbf5644d6c81715bef038379c0951fcfa283ef2d19a8995f13fef5fa596b667edc64d53b4e2da6168
  languageName: node
  linkType: hard

"@commitlint/to-lines@npm:^20.0.0":
  version: 20.0.0
  resolution: "@commitlint/to-lines@npm:20.0.0"
  checksum: 10/b8910b6a4c36cca32af3b7e3e7e72fdf92c997e9e3b415f75c31ee8b52d627b351c71393b5f9b7f5acdbb8b1f0491d80cea83624a9e361c01bceed786592c474
  languageName: node
  linkType: hard

"@commitlint/top-level@npm:^20.4.0":
  version: 20.4.0
  resolution: "@commitlint/top-level@npm:20.4.0"
  dependencies:
    escalade: "npm:^3.2.0"
  checksum: 10/49b9626b94917a191c7ea6c18eb6b0d08de3d18be7092dea71321070254245cb0258962d3b50925f5dcee44abd06648228791706a5b216704d075ebd2a10d8f6
  languageName: node
  linkType: hard

"@commitlint/types@npm:^20.4.0":
  version: 20.4.0
  resolution: "@commitlint/types@npm:20.4.0"
  dependencies:
    conventional-commits-parser: "npm:^6.2.1"
    picocolors: "npm:^1.1.1"
  checksum: 10/aff0e6d33eb3191fad3c20d7d46e282ae3dacca52a24f372ac880f0231c859a26726d25565246ea34b67aa9ac1db55f12ef3d635bd6fe9e68cb34fa0a7c5fe47
  languageName: node
  linkType: hard

"@simple-libs/stream-utils@npm:^1.2.0":
  version: 1.2.0
  resolution: "@simple-libs/stream-utils@npm:1.2.0"
  checksum: 10/80a2602f0e96515cab1f4ab054dccd0ee570b0a0b1722189d29fe2625e96a63b83c87486259268101b8b15a77a129aaca22bf480cf111e0910650af0820d26ee
  languageName: node
  linkType: hard

"@types/node@npm:^25.3.3":
  version: 25.3.3
  resolution: "@types/node@npm:25.3.3"
  dependencies:
    undici-types: "npm:~7.18.0"
  checksum: 10/883e8942b0ddf89f9aae56c4205af8d9a368acd6cab83aa052447a6c5e69ce2bc8ab3f54e549233ada160ba9216dad7f30c62c35867c584fe844ae99f7dea2e0
  languageName: node
  linkType: hard

"ajv@npm:^8.11.0":
  version: 8.18.0
  resolution: "ajv@npm:8.18.0"
  dependencies:
    fast-deep-equal: "npm:^3.1.3"
    fast-uri: "npm:^3.0.1"
    json-schema-traverse: "npm:^1.0.0"
    require-from-string: "npm:^2.0.2"
  checksum: 10/bfed9de827a2b27c6d4084324eda76a4e32bdde27410b3e9b81d06e6f8f5c78370fc6b93fe1d869f1939ff1d7c4ae8896960995acb8425e3e9288c8884247c48
  languageName: node
  linkType: hard

"ansi-escapes@npm:^7.0.0":
  version: 7.3.0
  resolution: "ansi-escapes@npm:7.3.0"
  dependencies:
    environment: "npm:^1.0.0"
  checksum: 10/189e23e75aacf00ee647ba0545687456cc4bc62547dd0cf6c7728f91fce88854c8e885d5819a278b39981bb846d9427693d2380c562aecdb0cf91d3342141e93
  languageName: node
  linkType: hard

"ansi-regex@npm:^5.0.1":
  version: 5.0.1
  resolution: "ansi-regex@npm:5.0.1"
  checksum: 10/2aa4bb54caf2d622f1afdad09441695af2a83aa3fe8b8afa581d205e57ed4261c183c4d3877cee25794443fde5876417d859c108078ab788d6af7e4fe52eb66b
  languageName: node
  linkType: hard

"ansi-regex@npm:^6.2.2":
  version: 6.2.2
  resolution: "ansi-regex@npm:6.2.2"
  checksum: 10/9b17ce2c6daecc75bcd5966b9ad672c23b184dc3ed9bf3c98a0702f0d2f736c15c10d461913568f2cf527a5e64291c7473358885dd493305c84a1cfed66ba94f
  languageName: node
  linkType: hard

"ansi-styles@npm:^4.0.0":
  version: 4.3.0
  resolution: "ansi-styles@npm:4.3.0"
  dependencies:
    color-convert: "npm:^2.0.1"
  checksum: 10/b4494dfbfc7e4591b4711a396bd27e540f8153914123dccb4cdbbcb514015ada63a3809f362b9d8d4f6b17a706f1d7bea3c6f974b15fa5ae76b5b502070889ff
  languageName: node
  linkType: hard

"ansi-styles@npm:^6.2.1, ansi-styles@npm:^6.2.3":
  version: 6.2.3
  resolution: "ansi-styles@npm:6.2.3"
  checksum: 10/c49dad7639f3e48859bd51824c93b9eb0db628afc243c51c3dd2410c4a15ede1a83881c6c7341aa2b159c4f90c11befb38f2ba848c07c66c9f9de4bcd7cb9f30
  languageName: node
  linkType: hard

"argparse@npm:^2.0.1":
  version: 2.0.1
  resolution: "argparse@npm:2.0.1"
  checksum: 10/18640244e641a417ec75a9bd38b0b2b6b95af5199aa241b131d4b2fb206f334d7ecc600bd194861610a5579084978bfcbb02baa399dbe442d56d0ae5e60dbaef
  languageName: node
  linkType: hard

"array-ify@npm:^1.0.0":
  version: 1.0.0
  resolution: "array-ify@npm:1.0.0"
  checksum: 10/c0502015b319c93dd4484f18036bcc4b654eb76a4aa1f04afbcef11ac918859bb1f5d71ba1f0f1141770db9eef1a4f40f1761753650873068010bbf7bcdae4a4
  languageName: node
  linkType: hard

"braces@npm:^3.0.3":
  version: 3.0.3
  resolution: "braces@npm:3.0.3"
  dependencies:
    fill-range: "npm:^7.1.1"
  checksum: 10/fad11a0d4697a27162840b02b1fad249c1683cbc510cd5bf1a471f2f8085c046d41094308c577a50a03a579dd99d5a6b3724c4b5e8b14df2c4443844cfcda2c6
  languageName: node
  linkType: hard

"callsites@npm:^3.0.0":
  version: 3.1.0
  resolution: "callsites@npm:3.1.0"
  checksum: 10/072d17b6abb459c2ba96598918b55868af677154bec7e73d222ef95a8fdb9bbf7dae96a8421085cdad8cd190d86653b5b6dc55a4484f2e5b2e27d5e0c3fc15b3
  languageName: node
  linkType: hard

"cli-cursor@npm:^5.0.0":
  version: 5.0.0
  resolution: "cli-cursor@npm:5.0.0"
  dependencies:
    restore-cursor: "npm:^5.0.0"
  checksum: 10/1eb9a3f878b31addfe8d82c6d915ec2330cec8447ab1f117f4aa34f0137fbb3137ec3466e1c9a65bcb7557f6e486d343f2da57f253a2f668d691372dfa15c090
  languageName: node
  linkType: hard

"cli-truncate@npm:^5.0.0":
  version: 5.2.0
  resolution: "cli-truncate@npm:5.2.0"
  dependencies:
    slice-ansi: "npm:^8.0.0"
    string-width: "npm:^8.2.0"
  checksum: 10/b789b6c2caff1560259aedeb6aaafcf41167d478df418d718a8c92edd6bc5a0ece272b8fb7e7911fbd31cef7b1ac8a30f2b21d90c3174b55a018fe3f2604a137
  languageName: node
  linkType: hard

"cliui@npm:^8.0.1":
  version: 8.0.1
  resolution: "cliui@npm:8.0.1"
  dependencies:
    string-width: "npm:^4.2.0"
    strip-ansi: "npm:^6.0.1"
    wrap-ansi: "npm:^7.0.0"
  checksum: 10/eaa5561aeb3135c2cddf7a3b3f562fc4238ff3b3fc666869ef2adf264be0f372136702f16add9299087fb1907c2e4ec5dbfe83bd24bce815c70a80c6c1a2e950
  languageName: node
  linkType: hard

"color-convert@npm:^2.0.1":
  version: 2.0.1
  resolution: "color-convert@npm:2.0.1"
  dependencies:
    color-name: "npm:~1.1.4"
  checksum: 10/fa00c91b4332b294de06b443923246bccebe9fab1b253f7fe1772d37b06a2269b4039a85e309abe1fe11b267b11c08d1d0473fda3badd6167f57313af2887a64
  languageName: node
  linkType: hard

"color-name@npm:~1.1.4":
  version: 1.1.4
  resolution: "color-name@npm:1.1.4"
  checksum: 10/b0445859521eb4021cd0fb0cc1a75cecf67fceecae89b63f62b201cca8d345baf8b952c966862a9d9a2632987d4f6581f0ec8d957dfacece86f0a7919316f610
  languageName: node
  linkType: hard

"colorette@npm:^2.0.20":
  version: 2.0.20
  resolution: "colorette@npm:2.0.20"
  checksum: 10/0b8de48bfa5d10afc160b8eaa2b9938f34a892530b2f7d7897e0458d9535a066e3998b49da9d21161c78225b272df19ae3a64d6df28b4c9734c0e55bbd02406f
  languageName: node
  linkType: hard

"commander@npm:^14.0.3":
  version: 14.0.3
  resolution: "commander@npm:14.0.3"
  checksum: 10/dfa9ebe2a433d277de5cb0252d23b10a543d245d892db858d23b516336a835c50fd4f52bee4cd13c705cc8acb6f03dc632c73dd806f7d06d3353eb09953dd17a
  languageName: node
  linkType: hard

"compare-func@npm:^2.0.0":
  version: 2.0.0
  resolution: "compare-func@npm:2.0.0"
  dependencies:
    array-ify: "npm:^1.0.0"
    dot-prop: "npm:^5.1.0"
  checksum: 10/fb71d70632baa1e93283cf9d80f30ac97f003aabee026e0b4426c9716678079ef5fea7519b84d012cbed938c476493866a38a79760564a9e21ae9433e40e6f0d
  languageName: node
  linkType: hard

"conventional-changelog-angular@npm:^8.1.0":
  version: 8.2.0
  resolution: "conventional-changelog-angular@npm:8.2.0"
  dependencies:
    compare-func: "npm:^2.0.0"
  checksum: 10/d40512899c87b5b07e48406190962f28ecc341a481565dda2e6e4e47f9766ef0dec94315f8a300caa7afedd73af87e7b339641d7f0b0e1e515a36ed417ab3c44
  languageName: node
  linkType: hard

"conventional-changelog-conventionalcommits@npm:^9.1.0":
  version: 9.2.0
  resolution: "conventional-changelog-conventionalcommits@npm:9.2.0"
  dependencies:
    compare-func: "npm:^2.0.0"
  checksum: 10/957c841ba9f1ed0ddc7601ca7d6a71cc13d90a9b6d4c347af8f0718febdade75d6cb693a674964a080213ede9b789773c1d225cad13dc6a553feeebe37d02e78
  languageName: node
  linkType: hard

"conventional-commits-parser@npm:^6.2.1":
  version: 6.3.0
  resolution: "conventional-commits-parser@npm:6.3.0"
  dependencies:
    "@simple-libs/stream-utils": "npm:^1.2.0"
    meow: "npm:^13.0.0"
  bin:
    conventional-commits-parser: dist/cli/index.js
  checksum: 10/e57ed66a739cf5c747d9c89594dbffb35572ad5d8324767416d8cfd9014aecbf0d0cc0f0f29e9d16595ec795dc868d83597b38275ab2667971ba6aba38d2fcb0
  languageName: node
  linkType: hard

"cosmiconfig-typescript-loader@npm:^6.1.0":
  version: 6.2.0
  resolution: "cosmiconfig-typescript-loader@npm:6.2.0"
  dependencies:
    jiti: "npm:^2.6.1"
  peerDependencies:
    "@types/node": "*"
    cosmiconfig: ">=9"
    typescript: ">=5"
  checksum: 10/f905077c7233e561810b030342e6b85a2a58ddcfdaaad7d7b0a52f6376581957826e3aa64238d80d1aaf4d24013342d7c780888cffb36ba445d728d6e12588f3
  languageName: node
  linkType: hard

"cosmiconfig@npm:^9.0.0":
  version: 9.0.1
  resolution: "cosmiconfig@npm:9.0.1"
  dependencies:
    env-paths: "npm:^2.2.1"
    import-fresh: "npm:^3.3.0"
    js-yaml: "npm:^4.1.0"
    parse-json: "npm:^5.2.0"
  peerDependencies:
    typescript: ">=4.9.5"
  peerDependenciesMeta:
    typescript:
      optional: true
  checksum: 10/89fcac84d062f0710091bb2d6a6175bcde22f5448877db9c43429694408191d3d4e215193b3ac4d54f7f89ef188d55cd481c7a2295b0dc572e65b528bf6fec01
  languageName: node
  linkType: hard

"dargs@npm:^8.0.0":
  version: 8.1.0
  resolution: "dargs@npm:8.1.0"
  checksum: 10/33f1b8f5f08e72c8a28355a87c0e1a9b6a0fec99252ecd9cf4735e65dd5f2e19747c860251ed5747b38e7204c7915fd7a7146aee5aaef5882c69169aae8b1d09
  languageName: node
  linkType: hard

"dot-prop@npm:^5.1.0":
  version: 5.3.0
  resolution: "dot-prop@npm:5.3.0"
  dependencies:
    is-obj: "npm:^2.0.0"
  checksum: 10/33b2561617bd5c73cf9305368ba4638871c5dbf9c8100c8335acd2e2d590a81ec0e75c11cfaea5cc3cf8c2f668cad4beddb52c11856d0c9e666348eee1baf57a
  languageName: node
  linkType: hard

"emoji-regex@npm:^10.3.0":
  version: 10.6.0
  resolution: "emoji-regex@npm:10.6.0"
  checksum: 10/98cc0b0e1daed1ed25afbf69dcb921fee00f712f51aab93aa1547e4e4e8171725cc4f0098aaa645b4f611a19da11ec9f4623eb6ff2b72314b39a8f2ae7c12bf2
  languageName: node
  linkType: hard

"emoji-regex@npm:^8.0.0":
  version: 8.0.0
  resolution: "emoji-regex@npm:8.0.0"
  checksum: 10/c72d67a6821be15ec11997877c437491c313d924306b8da5d87d2a2bcc2cec9903cb5b04ee1a088460501d8e5b44f10df82fdc93c444101a7610b80c8b6938e1
  languageName: node
  linkType: hard

"env-paths@npm:^2.2.1":
  version: 2.2.1
  resolution: "env-paths@npm:2.2.1"
  checksum: 10/65b5df55a8bab92229ab2b40dad3b387fad24613263d103a97f91c9fe43ceb21965cd3392b1ccb5d77088021e525c4e0481adb309625d0cb94ade1d1fb8dc17e
  languageName: node
  linkType: hard

"environment@npm:^1.0.0":
  version: 1.1.0
  resolution: "environment@npm:1.1.0"
  checksum: 10/dd3c1b9825e7f71f1e72b03c2344799ac73f2e9ef81b78ea8b373e55db021786c6b9f3858ea43a436a2c4611052670ec0afe85bc029c384cc71165feee2f4ba6
  languageName: node
  linkType: hard

"error-ex@npm:^1.3.1":
  version: 1.3.4
  resolution: "error-ex@npm:1.3.4"
  dependencies:
    is-arrayish: "npm:^0.2.1"
  checksum: 10/ae3939fd4a55b1404e877df2080c6b59acc516d5b7f08a181040f78f38b4e2399633bfed2d9a21b91c803713fff7295ac70bebd8f3657ef352a95c2cd9aa2e4b
  languageName: node
  linkType: hard

"escalade@npm:^3.1.1, escalade@npm:^3.2.0":
  version: 3.2.0
  resolution: "escalade@npm:3.2.0"
  checksum: 10/9d7169e3965b2f9ae46971afa392f6e5a25545ea30f2e2dd99c9b0a95a3f52b5653681a84f5b2911a413ddad2d7a93d3514165072f349b5ffc59c75a899970d6
  languageName: node
  linkType: hard

"eventemitter3@npm:^5.0.1":
  version: 5.0.4
  resolution: "eventemitter3@npm:5.0.4"
  checksum: 10/54f5c8c543650d65f92d03dbef1bb73a682a920490c44699ad8f863a6b19bbca42fb7409aa09ca09cb98a44149d9a7bc1dffd55ca88a740bd928c7be0ad666a0
  languageName: node
  linkType: hard

"fast-deep-equal@npm:^3.1.3":
  version: 3.1.3
  resolution: "fast-deep-equal@npm:3.1.3"
  checksum: 10/e21a9d8d84f53493b6aa15efc9cfd53dd5b714a1f23f67fb5dc8f574af80df889b3bce25dc081887c6d25457cce704e636395333abad896ccdec03abaf1f3f9d
  languageName: node
  linkType: hard

"fast-uri@npm:^3.0.1":
  version: 3.1.0
  resolution: "fast-uri@npm:3.1.0"
  checksum: 10/818b2c96dc913bcf8511d844c3d2420e2c70b325c0653633f51821e4e29013c2015387944435cd0ef5322c36c9beecc31e44f71b257aeb8e0b333c1d62bb17c2
  languageName: node
  linkType: hard

"fill-range@npm:^7.1.1":
  version: 7.1.1
  resolution: "fill-range@npm:7.1.1"
  dependencies:
    to-regex-range: "npm:^5.0.1"
  checksum: 10/a7095cb39e5bc32fada2aa7c7249d3f6b01bd1ce461a61b0adabacccabd9198500c6fb1f68a7c851a657e273fce2233ba869638897f3d7ed2e87a2d89b4436ea
  languageName: node
  linkType: hard

"get-caller-file@npm:^2.0.5":
  version: 2.0.5
  resolution: "get-caller-file@npm:2.0.5"
  checksum: 10/b9769a836d2a98c3ee734a88ba712e62703f1df31b94b784762c433c27a386dd6029ff55c2a920c392e33657d80191edbf18c61487e198844844516f843496b9
  languageName: node
  linkType: hard

"get-east-asian-width@npm:^1.0.0, get-east-asian-width@npm:^1.3.1, get-east-asian-width@npm:^1.5.0":
  version: 1.5.0
  resolution: "get-east-asian-width@npm:1.5.0"
  checksum: 10/60bc34cd1e975055ab99f0f177e31bed3e516ff7cee9c536474383954a976abaa6b94a51d99ad158ef1e372790fa096cab7d07f166bb0778f6587954c0fbe946
  languageName: node
  linkType: hard

"git-raw-commits@npm:^4.0.0":
  version: 4.0.0
  resolution: "git-raw-commits@npm:4.0.0"
  dependencies:
    dargs: "npm:^8.0.0"
    meow: "npm:^12.0.1"
    split2: "npm:^4.0.0"
  bin:
    git-raw-commits: cli.mjs
  checksum: 10/95546f4afcb33cf00ff638f7fec55ad61d4d927447737900e1f6fcbbdbb341b3f150908424cc62acb6d9faaea6f1e8f55d0697b899f0589af9d2733afb20abfb
  languageName: node
  linkType: hard

"global-directory@npm:^4.0.1":
  version: 4.0.1
  resolution: "global-directory@npm:4.0.1"
  dependencies:
    ini: "npm:4.1.1"
  checksum: 10/5b4df24438a4e5f21e43fbdd9e54f5e12bb48dce01a0a83b415d8052ce91be2d3a97e0c8f98a535e69649b2190036155e9f0f7d3c62f9318f31bdc3fd4f235f5
  languageName: node
  linkType: hard

"husky@npm:^9.1.7":
  version: 9.1.7
  resolution: "husky@npm:9.1.7"
  bin:
    husky: bin.js
  checksum: 10/c2412753f15695db369634ba70f50f5c0b7e5cb13b673d0826c411ec1bd9ddef08c1dad89ea154f57da2521d2605bd64308af748749b27d08c5f563bcd89975f
  languageName: node
  linkType: hard

"import-fresh@npm:^3.3.0":
  version: 3.3.1
  resolution: "import-fresh@npm:3.3.1"
  dependencies:
    parent-module: "npm:^1.0.0"
    resolve-from: "npm:^4.0.0"
  checksum: 10/a06b19461b4879cc654d46f8a6244eb55eb053437afd4cbb6613cad6be203811849ed3e4ea038783092879487299fda24af932b86bdfff67c9055ba3612b8c87
  languageName: node
  linkType: hard

"import-meta-resolve@npm:^4.0.0":
  version: 4.2.0
  resolution: "import-meta-resolve@npm:4.2.0"
  checksum: 10/3499ee8b7eddb79be77067b368bcdf39e6f144306dea4686d08071ae7e65a2e3bdca3f98f2a0f4babdcd4ba9d9e7d379ae7e27c4b9bf8b08c1e812a28c674bf3
  languageName: node
  linkType: hard

"ini@npm:4.1.1":
  version: 4.1.1
  resolution: "ini@npm:4.1.1"
  checksum: 10/64c7102301742a7527bb17257d18451410eacf63b4b5648a20e108816c355c21c4e8a1761bbcbf3fe8c4ded3297f1b832b885d5e3e485d781e293ebfaf56fea6
  languageName: node
  linkType: hard

"is-arrayish@npm:^0.2.1":
  version: 0.2.1
  resolution: "is-arrayish@npm:0.2.1"
  checksum: 10/73ced84fa35e59e2c57da2d01e12cd01479f381d7f122ce41dcbb713f09dbfc651315832cd2bf8accba7681a69e4d6f1e03941d94dd10040d415086360e7005e
  languageName: node
  linkType: hard

"is-fullwidth-code-point@npm:^3.0.0":
  version: 3.0.0
  resolution: "is-fullwidth-code-point@npm:3.0.0"
  checksum: 10/44a30c29457c7fb8f00297bce733f0a64cd22eca270f83e58c105e0d015e45c019491a4ab2faef91ab51d4738c670daff901c799f6a700e27f7314029e99e348
  languageName: node
  linkType: hard

"is-fullwidth-code-point@npm:^5.0.0, is-fullwidth-code-point@npm:^5.1.0":
  version: 5.1.0
  resolution: "is-fullwidth-code-point@npm:5.1.0"
  dependencies:
    get-east-asian-width: "npm:^1.3.1"
  checksum: 10/4700d8a82cb71bd2a2955587b2823c36dc4660eadd4047bfbd070821ddbce8504fc5f9b28725567ecddf405b1e06c6692c9b719f65df6af9ec5262bc11393a6a
  languageName: node
  linkType: hard

"is-number@npm:^7.0.0":
  version: 7.0.0
  resolution: "is-number@npm:7.0.0"
  checksum: 10/6a6c3383f68afa1e05b286af866017c78f1226d43ac8cb064e115ff9ed85eb33f5c4f7216c96a71e4dfea289ef52c5da3aef5bbfade8ffe47a0465d70c0c8e86
  languageName: node
  linkType: hard

"is-obj@npm:^2.0.0":
  version: 2.0.0
  resolution: "is-obj@npm:2.0.0"
  checksum: 10/c9916ac8f4621962a42f5e80e7ffdb1d79a3fab7456ceaeea394cd9e0858d04f985a9ace45be44433bf605673c8be8810540fe4cc7f4266fc7526ced95af5a08
  languageName: node
  linkType: hard

"is-plain-obj@npm:^4.1.0":
  version: 4.1.0
  resolution: "is-plain-obj@npm:4.1.0"
  checksum: 10/6dc45da70d04a81f35c9310971e78a6a3c7a63547ef782e3a07ee3674695081b6ca4e977fbb8efc48dae3375e0b34558d2bcd722aec9bddfa2d7db5b041be8ce
  languageName: node
  linkType: hard

"jiti@npm:^2.6.1":
  version: 2.6.1
  resolution: "jiti@npm:2.6.1"
  bin:
    jiti: lib/jiti-cli.mjs
  checksum: 10/8cd72c5fd03a0502564c3f46c49761090f6dadead21fa191b73535724f095ad86c2fa89ee6fe4bc3515337e8d406cc8fb2d37b73fa0c99a34584bac35cd4a4de
  languageName: node
  linkType: hard

"js-tokens@npm:^4.0.0":
  version: 4.0.0
  resolution: "js-tokens@npm:4.0.0"
  checksum: 10/af37d0d913fb56aec6dc0074c163cc71cd23c0b8aad5c2350747b6721d37ba118af35abdd8b33c47ec2800de07dedb16a527ca9c530ee004093e04958bd0cbf2
  languageName: node
  linkType: hard

"js-yaml@npm:^4.1.0":
  version: 4.1.1
  resolution: "js-yaml@npm:4.1.1"
  dependencies:
    argparse: "npm:^2.0.1"
  bin:
    js-yaml: bin/js-yaml.js
  checksum: 10/a52d0519f0f4ef5b4adc1cde466cb54c50d56e2b4a983b9d5c9c0f2f99462047007a6274d7e95617a21d3c91fde3ee6115536ed70991cd645ba8521058b78f77
  languageName: node
  linkType: hard

"json-parse-even-better-errors@npm:^2.3.0":
  version: 2.3.1
  resolution: "json-parse-even-better-errors@npm:2.3.1"
  checksum: 10/5f3a99009ed5f2a5a67d06e2f298cc97bc86d462034173308156f15b43a6e850be8511dc204b9b94566305da2947f7d90289657237d210351a39059ff9d666cf
  languageName: node
  linkType: hard

"json-schema-traverse@npm:^1.0.0":
  version: 1.0.0
  resolution: "json-schema-traverse@npm:1.0.0"
  checksum: 10/02f2f466cdb0362558b2f1fd5e15cce82ef55d60cd7f8fa828cf35ba74330f8d767fcae5c5c2adb7851fa811766c694b9405810879bc4e1ddd78a7c0e03658ad
  languageName: node
  linkType: hard

"lines-and-columns@npm:^1.1.6":
  version: 1.2.4
  resolution: "lines-and-columns@npm:1.2.4"
  checksum: 10/0c37f9f7fa212b38912b7145e1cd16a5f3cd34d782441c3e6ca653485d326f58b3caccda66efce1c5812bde4961bbde3374fae4b0d11bf1226152337f3894aa5
  languageName: node
  linkType: hard

"lint-staged@npm:^16.3.1":
  version: 16.3.1
  resolution: "lint-staged@npm:16.3.1"
  dependencies:
    commander: "npm:^14.0.3"
    listr2: "npm:^9.0.5"
    micromatch: "npm:^4.0.8"
    string-argv: "npm:^0.3.2"
    tinyexec: "npm:^1.0.2"
    yaml: "npm:^2.8.2"
  bin:
    lint-staged: bin/lint-staged.js
  checksum: 10/4eaebcfcf7cc37c163e3b365da4b35c3403b6e6184039ff0256e2d1765e01aea28a5ffd8726ee4964b10ea6aecd4cbb1790e08964597bafe608bd8126ed4700d
  languageName: node
  linkType: hard

"listr2@npm:^9.0.5":
  version: 9.0.5
  resolution: "listr2@npm:9.0.5"
  dependencies:
    cli-truncate: "npm:^5.0.0"
    colorette: "npm:^2.0.20"
    eventemitter3: "npm:^5.0.1"
    log-update: "npm:^6.1.0"
    rfdc: "npm:^1.4.1"
    wrap-ansi: "npm:^9.0.0"
  checksum: 10/b78ffd60443aed9a8e0fc9162eb941ea4d63210700d61a895eb29348f23fc668327e26bbca87a9e6a6208e7fa96c475fe1f1c6c19b46f376f547e0cba3b935ae
  languageName: node
  linkType: hard

"lodash.camelcase@npm:^4.3.0":
  version: 4.3.0
  resolution: "lodash.camelcase@npm:4.3.0"
  checksum: 10/c301cc379310441dc73cd6cebeb91fb254bea74e6ad3027f9346fc43b4174385153df420ffa521654e502fd34c40ef69ca4e7d40ee7129a99e06f306032bfc65
  languageName: node
  linkType: hard

"lodash.kebabcase@npm:^4.1.1":
  version: 4.1.1
  resolution: "lodash.kebabcase@npm:4.1.1"
  checksum: 10/d84ec5441ef8e5c718c50315f35b0a045a77c7e8ee3e54472c06dc31f6f3602e95551a16c0923d689198b51deb8902c4bbc54fc9b965b26c1f86e21df3a05f34
  languageName: node
  linkType: hard

"lodash.mergewith@npm:^4.6.2":
  version: 4.6.2
  resolution: "lodash.mergewith@npm:4.6.2"
  checksum: 10/aea75a4492541a4902ac7e551dc6c54b722da0c187f84385d02e8fc33a7ae3454b837822446e5f63fcd5ad1671534ea408740b776670ea4d9c7890b10105fce0
  languageName: node
  linkType: hard

"lodash.snakecase@npm:^4.1.1":
  version: 4.1.1
  resolution: "lodash.snakecase@npm:4.1.1"
  checksum: 10/82ed40935d840477ef8fee64f9f263f75989c6cde36b84aae817246d95826228e1b5a7f6093c51de324084f86433634c7af244cb89496633cacfe443071450d0
  languageName: node
  linkType: hard

"lodash.startcase@npm:^4.4.0":
  version: 4.4.0
  resolution: "lodash.startcase@npm:4.4.0"
  checksum: 10/3091048a54a2f92bcf2c6441d2bd9a706fb133d5f461ae7c310d6dca1530338a06c91e9e42a5b14b12e875ddae1814d448050dc02afe2cec09b3995d8e836837
  languageName: node
  linkType: hard

"lodash.upperfirst@npm:^4.3.1":
  version: 4.3.1
  resolution: "lodash.upperfirst@npm:4.3.1"
  checksum: 10/3e849d4eb4dbf26faee6435edda8e707b65a5dbd2f10f8def5a16a57bbbf38d3b7506950f0dd455e9c46ba73af35f1de75df4ef83952106949413d64eed59333
  languageName: node
  linkType: hard

"log-update@npm:^6.1.0":
  version: 6.1.0
  resolution: "log-update@npm:6.1.0"
  dependencies:
    ansi-escapes: "npm:^7.0.0"
    cli-cursor: "npm:^5.0.0"
    slice-ansi: "npm:^7.1.0"
    strip-ansi: "npm:^7.1.0"
    wrap-ansi: "npm:^9.0.0"
  checksum: 10/5abb4131e33b1e7f8416bb194fe17a3603d83e4657c5bf5bb81ce4187f3b00ea481643b85c3d5cefe6037a452cdcf7f1391ab8ea0d9c23e75d19589830ec4f11
  languageName: node
  linkType: hard

"meow@npm:^12.0.1":
  version: 12.1.1
  resolution: "meow@npm:12.1.1"
  checksum: 10/8594c319f4671a562c1fef584422902f1bbbad09ea49cdf9bb26dc92f730fa33398dd28a8cf34fcf14167f1d1148d05a867e50911fc4286751a4fb662fdd2dc2
  languageName: node
  linkType: hard

"meow@npm:^13.0.0":
  version: 13.2.0
  resolution: "meow@npm:13.2.0"
  checksum: 10/4eff5bc921fed0b8a471ad79069d741a0210036d717547d0c7f36fdaf84ef7a3036225f38b6a53830d84dc9cbf8b944b097fde62381b8b5b215119e735ce1063
  languageName: node
  linkType: hard

"micromatch@npm:^4.0.8":
  version: 4.0.8
  resolution: "micromatch@npm:4.0.8"
  dependencies:
    braces: "npm:^3.0.3"
    picomatch: "npm:^2.3.1"
  checksum: 10/6bf2a01672e7965eb9941d1f02044fad2bd12486b5553dc1116ff24c09a8723157601dc992e74c911d896175918448762df3b3fd0a6b61037dd1a9766ddfbf58
  languageName: node
  linkType: hard

"mimic-function@npm:^5.0.0":
  version: 5.0.1
  resolution: "mimic-function@npm:5.0.1"
  checksum: 10/eb5893c99e902ccebbc267c6c6b83092966af84682957f79313311edb95e8bb5f39fb048d77132b700474d1c86d90ccc211e99bae0935447a4834eb4c882982c
  languageName: node
  linkType: hard

"minimist@npm:^1.2.8":
  version: 1.2.8
  resolution: "minimist@npm:1.2.8"
  checksum: 10/908491b6cc15a6c440ba5b22780a0ba89b9810e1aea684e253e43c4e3b8d56ec1dcdd7ea96dde119c29df59c936cde16062159eae4225c691e19c70b432b6e6f
  languageName: node
  linkType: hard

"onetime@npm:^7.0.0":
  version: 7.0.0
  resolution: "onetime@npm:7.0.0"
  dependencies:
    mimic-function: "npm:^5.0.0"
  checksum: 10/eb08d2da9339819e2f9d52cab9caf2557d80e9af8c7d1ae86e1a0fef027d00a88e9f5bd67494d350df360f7c559fbb44e800b32f310fb989c860214eacbb561c
  languageName: node
  linkType: hard

"parent-module@npm:^1.0.0":
  version: 1.0.1
  resolution: "parent-module@npm:1.0.1"
  dependencies:
    callsites: "npm:^3.0.0"
  checksum: 10/6ba8b255145cae9470cf5551eb74be2d22281587af787a2626683a6c20fbb464978784661478dd2a3f1dad74d1e802d403e1b03c1a31fab310259eec8ac560ff
  languageName: node
  linkType: hard

"parse-json@npm:^5.2.0":
  version: 5.2.0
  resolution: "parse-json@npm:5.2.0"
  dependencies:
    "@babel/code-frame": "npm:^7.0.0"
    error-ex: "npm:^1.3.1"
    json-parse-even-better-errors: "npm:^2.3.0"
    lines-and-columns: "npm:^1.1.6"
  checksum: 10/62085b17d64da57f40f6afc2ac1f4d95def18c4323577e1eced571db75d9ab59b297d1d10582920f84b15985cbfc6b6d450ccbf317644cfa176f3ed982ad87e2
  languageName: node
  linkType: hard

"picocolors@npm:^1.1.1":
  version: 1.1.1
  resolution: "picocolors@npm:1.1.1"
  checksum: 10/e1cf46bf84886c79055fdfa9dcb3e4711ad259949e3565154b004b260cd356c5d54b31a1437ce9782624bf766272fe6b0154f5f0c744fb7af5d454d2b60db045
  languageName: node
  linkType: hard

"picomatch@npm:^2.3.1":
  version: 2.3.1
  resolution: "picomatch@npm:2.3.1"
  checksum: 10/60c2595003b05e4535394d1da94850f5372c9427ca4413b71210f437f7b2ca091dbd611c45e8b37d10036fa8eade25c1b8951654f9d3973bfa66a2ff4d3b08bc
  languageName: node
  linkType: hard

"require-directory@npm:^2.1.1":
  version: 2.1.1
  resolution: "require-directory@npm:2.1.1"
  checksum: 10/a72468e2589270d91f06c7d36ec97a88db53ae5d6fe3787fadc943f0b0276b10347f89b363b2a82285f650bdcc135ad4a257c61bdd4d00d6df1fa24875b0ddaf
  languageName: node
  linkType: hard

"require-from-string@npm:^2.0.2":
  version: 2.0.2
  resolution: "require-from-string@npm:2.0.2"
  checksum: 10/839a3a890102a658f4cb3e7b2aa13a1f80a3a976b512020c3d1efc418491c48a886b6e481ea56afc6c4cb5eef678f23b2a4e70575e7534eccadf5e30ed2e56eb
  languageName: node
  linkType: hard

"resolve-from@npm:^4.0.0":
  version: 4.0.0
  resolution: "resolve-from@npm:4.0.0"
  checksum: 10/91eb76ce83621eea7bbdd9b55121a5c1c4a39e54a9ce04a9ad4517f102f8b5131c2cf07622c738a6683991bf54f2ce178f5a42803ecbd527ddc5105f362cc9e3
  languageName: node
  linkType: hard

"resolve-from@npm:^5.0.0":
  version: 5.0.0
  resolution: "resolve-from@npm:5.0.0"
  checksum: 10/be18a5e4d76dd711778664829841cde690971d02b6cbae277735a09c1c28f407b99ef6ef3cd585a1e6546d4097b28df40ed32c4a287b9699dcf6d7f208495e23
  languageName: node
  linkType: hard

"restore-cursor@npm:^5.0.0":
  version: 5.1.0
  resolution: "restore-cursor@npm:5.1.0"
  dependencies:
    onetime: "npm:^7.0.0"
    signal-exit: "npm:^4.1.0"
  checksum: 10/838dd54e458d89cfbc1a923b343c1b0f170a04100b4ce1733e97531842d7b440463967e521216e8ab6c6f8e89df877acc7b7f4c18ec76e99fb9bf5a60d358d2c
  languageName: node
  linkType: hard

"rfdc@npm:^1.4.1":
  version: 1.4.1
  resolution: "rfdc@npm:1.4.1"
  checksum: 10/2f3d11d3d8929b4bfeefc9acb03aae90f971401de0add5ae6c5e38fec14f0405e6a4aad8fdb76344bfdd20c5193110e3750cbbd28ba86d73729d222b6cf4a729
  languageName: node
  linkType: hard

"semver@npm:^7.6.0":
  version: 7.7.4
  resolution: "semver@npm:7.7.4"
  bin:
    semver: bin/semver.js
  checksum: 10/26bdc6d58b29528f4142d29afb8526bc335f4fc04c4a10f2b98b217f277a031c66736bf82d3d3bb354a2f6a3ae50f18fd62b053c4ac3f294a3d10a61f5075b75
  languageName: node
  linkType: hard

"signal-exit@npm:^4.1.0":
  version: 4.1.0
  resolution: "signal-exit@npm:4.1.0"
  checksum: 10/c9fa63bbbd7431066174a48ba2dd9986dfd930c3a8b59de9c29d7b6854ec1c12a80d15310869ea5166d413b99f041bfa3dd80a7947bcd44ea8e6eb3ffeabfa1f
  languageName: node
  linkType: hard

"slice-ansi@npm:^7.1.0":
  version: 7.1.2
  resolution: "slice-ansi@npm:7.1.2"
  dependencies:
    ansi-styles: "npm:^6.2.1"
    is-fullwidth-code-point: "npm:^5.0.0"
  checksum: 10/75f61e1285c294b18c88521a0cdb22cdcbe9b0fd5e8e26f649be804cc43122aa7751bd960a968e3ed7f5aa7f3c67ac605c939019eae916870ec288e878b6fafb
  languageName: node
  linkType: hard

"slice-ansi@npm:^8.0.0":
  version: 8.0.0
  resolution: "slice-ansi@npm:8.0.0"
  dependencies:
    ansi-styles: "npm:^6.2.3"
    is-fullwidth-code-point: "npm:^5.1.0"
  checksum: 10/6a7e146852047e26dd5857b35c767e52906549c580cce0ad2287cc32f54f5a582494f674817fc9ac21b2e4ac1ddeaa85b3dee409782681b465330278890c73a8
  languageName: node
  linkType: hard

"split2@npm:^4.0.0":
  version: 4.2.0
  resolution: "split2@npm:4.2.0"
  checksum: 10/09bbefc11bcf03f044584c9764cd31a252d8e52cea29130950b26161287c11f519807c5e54bd9e5804c713b79c02cefe6a98f4688630993386be353e03f534ab
  languageName: node
  linkType: hard

"string-argv@npm:^0.3.2":
  version: 0.3.2
  resolution: "string-argv@npm:0.3.2"
  checksum: 10/f9d3addf887026b4b5f997a271149e93bf71efc8692e7dc0816e8807f960b18bcb9787b45beedf0f97ff459575ee389af3f189d8b649834cac602f2e857e75af
  languageName: node
  linkType: hard

"string-width@npm:^4.1.0, string-width@npm:^4.2.0, string-width@npm:^4.2.3":
  version: 4.2.3
  resolution: "string-width@npm:4.2.3"
  dependencies:
    emoji-regex: "npm:^8.0.0"
    is-fullwidth-code-point: "npm:^3.0.0"
    strip-ansi: "npm:^6.0.1"
  checksum: 10/e52c10dc3fbfcd6c3a15f159f54a90024241d0f149cf8aed2982a2d801d2e64df0bf1dc351cf8e95c3319323f9f220c16e740b06faecd53e2462df1d2b5443fb
  languageName: node
  linkType: hard

"string-width@npm:^7.0.0":
  version: 7.2.0
  resolution: "string-width@npm:7.2.0"
  dependencies:
    emoji-regex: "npm:^10.3.0"
    get-east-asian-width: "npm:^1.0.0"
    strip-ansi: "npm:^7.1.0"
  checksum: 10/42f9e82f61314904a81393f6ef75b832c39f39761797250de68c041d8ba4df2ef80db49ab6cd3a292923a6f0f409b8c9980d120f7d32c820b4a8a84a2598a295
  languageName: node
  linkType: hard

"string-width@npm:^8.2.0":
  version: 8.2.0
  resolution: "string-width@npm:8.2.0"
  dependencies:
    get-east-asian-width: "npm:^1.5.0"
    strip-ansi: "npm:^7.1.2"
  checksum: 10/c4f62877ec08fca155e84a260eb4f58f473cfe5169bd1c1e21ffb563d8e0b7f6d705cc3d250f2ed6bb4f30ee9732ad026f54afaac77aa487e3d1dc1b1969e51b
  languageName: node
  linkType: hard

"strip-ansi@npm:^6.0.0, strip-ansi@npm:^6.0.1":
  version: 6.0.1
  resolution: "strip-ansi@npm:6.0.1"
  dependencies:
    ansi-regex: "npm:^5.0.1"
  checksum: 10/ae3b5436d34fadeb6096367626ce987057713c566e1e7768818797e00ac5d62023d0f198c4e681eae9e20701721980b26a64a8f5b91238869592a9c6800719a2
  languageName: node
  linkType: hard

"strip-ansi@npm:^7.1.0, strip-ansi@npm:^7.1.2":
  version: 7.2.0
  resolution: "strip-ansi@npm:7.2.0"
  dependencies:
    ansi-regex: "npm:^6.2.2"
  checksum: 10/96da3bc6d73cfba1218625a3d66cf7d37a69bf0920d8735b28f9eeaafcdb6c1fe8440e1ae9eb1ba0ca355dbe8702da872e105e2e939fa93e7851b3cb5dd7d316
  languageName: node
  linkType: hard

"tinyexec@npm:^1.0.0, tinyexec@npm:^1.0.2":
  version: 1.0.2
  resolution: "tinyexec@npm:1.0.2"
  checksum: 10/cb709ed4240e873d3816e67f851d445f5676e0ae3a52931a60ff571d93d388da09108c8057b62351766133ee05ff3159dd56c3a0fbd39a5933c6639ce8771405
  languageName: node
  linkType: hard

"to-regex-range@npm:^5.0.1":
  version: 5.0.1
  resolution: "to-regex-range@npm:5.0.1"
  dependencies:
    is-number: "npm:^7.0.0"
  checksum: 10/10dda13571e1f5ad37546827e9b6d4252d2e0bc176c24a101252153ef435d83696e2557fe128c4678e4e78f5f01e83711c703eef9814eb12dab028580d45980a
  languageName: node
  linkType: hard

"tractus-monorepo@workspace:.":
  version: 0.0.0-use.local
  resolution: "tractus-monorepo@workspace:."
  dependencies:
    "@biomejs/biome": "npm:2.4.5"
    "@commitlint/cli": "npm:^20.4.2"
    "@commitlint/config-conventional": "npm:^20.4.2"
    "@types/node": "npm:^25.3.3"
    husky: "npm:^9.1.7"
    lint-staged: "npm:^16.3.1"
    typescript: "npm:^5.9.3"
  languageName: unknown
  linkType: soft

"typescript@npm:^5.9.3":
  version: 5.9.3
  resolution: "typescript@npm:5.9.3"
  bin:
    tsc: bin/tsc
    tsserver: bin/tsserver
  checksum: 10/c089d9d3da2729fd4ac517f9b0e0485914c4b3c26f80dc0cffcb5de1719a17951e92425d55db59515c1a7ddab65808466debb864d0d56dcf43f27007d0709594
  languageName: node
  linkType: hard

"typescript@patch:typescript@npm%3A^5.9.3#optional!builtin<compat/typescript>":
  version: 5.9.3
  resolution: "typescript@patch:typescript@npm%3A5.9.3#optional!builtin<compat/typescript>::version=5.9.3&hash=5786d5"
  bin:
    tsc: bin/tsc
    tsserver: bin/tsserver
  checksum: 10/696e1b017bc2635f4e0c94eb4435357701008e2f272f553d06e35b494b8ddc60aa221145e286c28ace0c89ee32827a28c2040e3a69bdc108b1a5dc8fb40b72e3
  languageName: node
  linkType: hard

"undici-types@npm:~7.18.0":
  version: 7.18.2
  resolution: "undici-types@npm:7.18.2"
  checksum: 10/e61a5918f624d68420c3ca9d301e9f15b61cba6e97be39fe2ce266dd6151e4afe424d679372638826cb506be33952774e0424141200111a9857e464216c009af
  languageName: node
  linkType: hard

"wrap-ansi@npm:^7.0.0":
  version: 7.0.0
  resolution: "wrap-ansi@npm:7.0.0"
  dependencies:
    ansi-styles: "npm:^4.0.0"
    string-width: "npm:^4.1.0"
    strip-ansi: "npm:^6.0.0"
  checksum: 10/cebdaeca3a6880da410f75209e68cd05428580de5ad24535f22696d7d9cab134d1f8498599f344c3cf0fb37c1715807a183778d8c648d6cc0cb5ff2bb4236540
  languageName: node
  linkType: hard

"wrap-ansi@npm:^9.0.0":
  version: 9.0.2
  resolution: "wrap-ansi@npm:9.0.2"
  dependencies:
    ansi-styles: "npm:^6.2.1"
    string-width: "npm:^7.0.0"
    strip-ansi: "npm:^7.1.0"
  checksum: 10/f3907e1ea9717404ca53a338fa5a017c2121550c3a5305180e2bc08c03e21aa45068df55b0d7676bf57be1880ba51a84458c17241ebedea485fafa9ef16b4024
  languageName: node
  linkType: hard

"y18n@npm:^5.0.5":
  version: 5.0.8
  resolution: "y18n@npm:5.0.8"
  checksum: 10/5f1b5f95e3775de4514edbb142398a2c37849ccfaf04a015be5d75521e9629d3be29bd4432d23c57f37e5b61ade592fb0197022e9993f81a06a5afbdcda9346d
  languageName: node
  linkType: hard

"yaml@npm:^2.8.2":
  version: 2.8.2
  resolution: "yaml@npm:2.8.2"
  bin:
    yaml: bin.mjs
  checksum: 10/4eab0074da6bc5a5bffd25b9b359cf7061b771b95d1b3b571852098380db3b1b8f96e0f1f354b56cc7216aa97cea25163377ccbc33a2e9ce00316fe8d02f4539
  languageName: node
  linkType: hard

"yargs-parser@npm:^21.1.1":
  version: 21.1.1
  resolution: "yargs-parser@npm:21.1.1"
  checksum: 10/9dc2c217ea3bf8d858041252d43e074f7166b53f3d010a8c711275e09cd3d62a002969a39858b92bbda2a6a63a585c7127014534a560b9c69ed2d923d113406e
  languageName: node
  linkType: hard

"yargs@npm:^17.0.0":
  version: 17.7.2
  resolution: "yargs@npm:17.7.2"
  dependencies:
    cliui: "npm:^8.0.1"
    escalade: "npm:^3.1.1"
    get-caller-file: "npm:^2.0.5"
    require-directory: "npm:^2.1.1"
    string-width: "npm:^4.2.3"
    y18n: "npm:^5.0.5"
    yargs-parser: "npm:^21.1.1"
  checksum: 10/abb3e37678d6e38ea85485ed86ebe0d1e3464c640d7d9069805ea0da12f69d5a32df8e5625e370f9c96dd1c2dc088ab2d0a4dd32af18222ef3c4224a19471576
  languageName: node
  linkType: hard
